
Microsoft Visual Studio Solution File, Format Version 12.00
# Visual Studio 15
VisualStudioVersion = 15.0.27130.2020
MinimumVisualStudioVersion = 10.0.40219.1
Project("{FAE04EC0-301F-11D3-BF4B-00C04F79EFBC}") = "AwesomeProject.Android", "AwesomeProject\AwesomeProject.Android\AwesomeProject.Android.csproj", "{C3B97ED7-ECC4-4CFC-A158-04E189E9CD83}"
EndProject
Project("{FAE04EC0-301F-11D3-BF4B-00C04F79EFBC}") = "AwesomeProject.iOS", "AwesomeProject\AwesomeProject.iOS\AwesomeProject.iOS.csproj", "{D5E94DB9-3E3F-4543-8EA0-01CF6EAAF331}"
EndProject
Project("{FAE04EC0-301F-11D3-BF4B-00C04F79EFBC}") = "AwesomeProject.UWP", "AwesomeProject\AwesomeProject.UWP\AwesomeProject.UWP.csproj", "{8FA3F28D-B9EE-4B1C-A6F2-73D9DF76A683}"
EndProject
Project("{D954291E-2A0B-460D-934E-DC6B0785DB48}") = "AwesomeProject", "AwesomeProject\AwesomeProject\AwesomeProject.shproj", "{EB6F7A57-E3C1-4408-95E4-E9A2E1FD045D}"
EndProject
Global
	GlobalSection(SharedMSBuildProjectFiles) = preSolution
		AwesomeProject\AwesomeProject\AwesomeProject.projitems*{8fa3f28d-b9ee-4b1c-a6f2-73d9df76a683}*SharedItemsImports = 4
		AwesomeProject\AwesomeProject\AwesomeProject.projitems*{c3b97ed7-ecc4-4cfc-a158-04e189e9cd83}*SharedItemsImports = 4
		AwesomeProject\AwesomeProject\AwesomeProject.projitems*{d5e94db9-3e3f-4543-8ea0-01cf6eaaf331}*SharedItemsImports = 4
		AwesomeProject\AwesomeProject\AwesomeProject.projitems*{eb6f7a57-e3c1-4408-95e4-e9a2e1fd045d}*SharedItemsImports = 13
	EndGlobalSection
	GlobalSection(SolutionConfigurationPlatforms) = preSolution
		Ad-Hoc|Any CPU = Ad-Hoc|Any CPU
		Ad-Hoc|ARM = Ad-Hoc|ARM
		Ad-Hoc|iPhone = Ad-Hoc|iPhone
		Ad-Hoc|iPhoneSimulator = Ad-Hoc|iPhoneSimulator
		Ad-Hoc|x64 = Ad-Hoc|x64
		Ad-Hoc|x86 = Ad-Hoc|x86
		AppStore|Any CPU = AppStore|Any CPU
		AppStore|ARM = AppStore|ARM
		AppStore|iPhone = AppStore|iPhone
		AppStore|iPhoneSimulator = AppStore|iPhoneSimulator
		AppStore|x64 = AppStore|x64
		AppStore|x86 = AppStore|x86
		Debug|Any CPU = Debug|Any CPU
		Debug|ARM = Debug|ARM
		Debug|iPhone = Debug|iPhone
		Debug|iPhoneSimulator = Debug|iPhoneSimulator
		Debug|x64 = Debug|x64
		Debug|x86 = Debug|x86
		Release|Any CPU = Release|Any CPU
		Release|ARM = Release|ARM
		Release|iPhone = Release|iPhone
		Release|iPhoneSimulator = Release|iPhoneSimulator
		Release|x64 = Release|x64
		Release|x86 = Release|x86
	EndGlobalSection
	GlobalSection(ProjectConfigurationPlatforms) = postSolution
		{C3B97ED7-ECC4-4CFC-A158-04E189E9CD83}.Ad-Hoc|Any CPU.ActiveCfg = Release|Any CPU
		{C3B97ED7-ECC4-4CFC-A158-04E189E9CD83}.Ad-Hoc|Any CPU.Build.0 = Release|Any CPU
		{C3B97ED7-ECC4-4CFC-A158-04E189E9CD83}.Ad-Hoc|Any CPU.Deploy.0 = Release|Any CPU
		{C3B97ED7-ECC4-4CFC-A158-04E189E9CD83}.Ad-Hoc|ARM.ActiveCfg = Release|Any CPU
		{C3B97ED7-ECC4-4CFC-A158-04E189E9CD83}.Ad-Hoc|ARM.Build.0 = Release|Any CPU
		{C3B97ED7-ECC4-4CFC-A158-04E189E9CD83}.Ad-Hoc|ARM.Deploy.0 = Release|Any CPU
		{C3B97ED7-ECC4-4CFC-A158-04E189E9CD83}.Ad-Hoc|iPhone.ActiveCfg = Release|Any CPU
		{C3B97ED7-ECC4-4CFC-A158-04E189E9CD83}.Ad-Hoc|iPhone.Build.0 = Release|Any CPU
		{C3B97ED7-ECC4-4CFC-A158-04E189E9CD83}.Ad-Hoc|iPhone.Deploy.0 = Release|Any CPU
		{C3B97ED7-ECC4-4CFC-A158-04E189E9CD83}.Ad-Hoc|iPhoneSimulator.ActiveCfg = Release|Any CPU
		{C3B97ED7-ECC4-4CFC-A158-04E189E9CD83}.Ad-Hoc|iPhoneSimulator.Build.0 = Release|Any CPU
		{C3B97ED7-ECC4-4CFC-A158-04E189E9CD83}.Ad-Hoc|iPhoneSimulator.Deploy.0 = Release|Any CPU
		{C3B97ED7-ECC4-4CFC-A158-04E189E9CD83}.Ad-Hoc|x64.ActiveCfg = Release|Any CPU
		{C3B97ED7-ECC4-4CFC-A158-04E189E9CD83}.Ad-Hoc|x64.Build.0 = Release|Any CPU
		{C3B97ED7-ECC4-4CFC-A158-04E189E9CD83}.Ad-Hoc|x64.Deploy.0 = Release|Any CPU
		{C3B97ED7-ECC4-4CFC-A158-04E189E9CD83}.Ad-Hoc|x86.ActiveCfg = Release|Any CPU
		{C3B97ED7-ECC4-4CFC-A158-04E189E9CD83}.Ad-Hoc|x86.Build.0 = Release|Any CPU
		{C3B97ED7-ECC4-4CFC-A158-04E189E9CD83}.Ad-Hoc|x86.Deploy.0 = Release|Any CPU
		{C3B97ED7-ECC4-4CFC-A158-04E189E9CD83}.AppStore|Any CPU.ActiveCfg = Release|Any CPU
		{C3B97ED7-ECC4-4CFC-A158-04E189E9CD83}.AppStore|Any CPU.Build.0 = Release|Any CPU
		{C3B97ED7-ECC4-4CFC-A158-04E189E9CD83}.AppStore|Any CPU.Deploy.0 = Release|Any CPU
		{C3B97ED7-ECC4-4CFC-A158-04E189E9CD83}.AppStore|ARM.ActiveCfg = Release|Any CPU
		{C3B97ED7-ECC4-4CFC-A158-04E189E9CD83}.AppStore|ARM.Build.0 = Release|Any CPU
		{C3B97ED7-ECC4-4CFC-A158-04E189E9CD83}.AppStore|ARM.Deploy.0 = Release|Any CPU
		{C3B97ED7-ECC4-4CFC-A158-04E189E9CD83}.AppStore|iPhone.ActiveCfg = Release|Any CPU
		{C3B97ED7-ECC4-4CFC-A158-04E189E9CD83}.AppStore|iPhone.Build.0 = Release|Any CPU
		{C3B97ED7-ECC4-4CFC-A158-04E189E9CD83}.AppStore|iPhone.Deploy.0 = Release|Any CPU
		{C3B97ED7-ECC4-4CFC-A158-04E189E9CD83}.AppStore|iPhoneSimulator.ActiveCfg = Release|Any CPU
		{C3B97ED7-ECC4-4CFC-A158-04E189E9CD83}.AppStore|iPhoneSimulator.Build.0 = Release|Any CPU
		{C3B97ED7-ECC4-4CFC-A158-04E189E9CD83}.AppStore|iPhoneSimulator.Deploy.0 = Release|Any CPU
		{C3B97ED7-ECC4-4CFC-A158-04E189E9CD83}.AppStore|x64.ActiveCfg = Release|Any CPU
		{C3B97ED7-ECC4-4CFC-A158-04E189E9CD83}.AppStore|x64.Build.0 = Release|Any CPU
		{C3B97ED7-ECC4-4CFC-A158-04E189E9CD83}.AppStore|x64.Deploy.0 = Release|Any CPU
		{C3B97ED7-ECC4-4CFC-A158-04E189E9CD83}.AppStore|x86.ActiveCfg = Release|Any CPU
		{C3B97ED7-ECC4-4CFC-A158-04E189E9CD83}.AppStore|x86.Build.0 = Release|Any CPU
		{C3B97ED7-ECC4-4CFC-A158-04E189E9CD83}.AppStore|x86.Deploy.0 = Release|Any CPU
		{C3B97ED7-ECC4-4CFC-A158-04E189E9CD83}.Debug|Any CPU.ActiveCfg = Debug|Any CPU
		{C3B97ED7-ECC4-4CFC-A158-04E189E9CD83}.Debug|Any CPU.Build.0 = Debug|Any CPU
		{C3B97ED7-ECC4-4CFC-A158-04E189E9CD83}.Debug|Any CPU.Deploy.0 = Debug|Any CPU
		{C3B97ED7-ECC4-4CFC-A158-04E189E9CD83}.Debug|ARM.ActiveCfg = Debug|Any CPU
		{C3B97ED7-ECC4-4CFC-A158-04E189E9CD83}.Debug|ARM.Build.0 = Debug|Any CPU
		{C3B97ED7-ECC4-4CFC-A158-04E189E9CD83}.Debug|ARM.Deploy.0 = Debug|Any CPU
		{C3B97ED7-ECC4-4CFC-A158-04E189E9CD83}.Debug|iPhone.ActiveCfg = Debug|Any CPU
		{C3B97ED7-ECC4-4CFC-A158-04E189E9CD83}.Debug|iPhone.Build.0 = Debug|Any CPU
		{C3B97ED7-ECC4-4CFC-A158-04E189E9CD83}.Debug|iPhone.Deploy.0 = Debug|Any CPU
		{C3B97ED7-ECC4-4CFC-A158-04E189E9CD83}.Debug|iPhoneSimulator.ActiveCfg = Debug|Any CPU
		{C3B97ED7-ECC4-4CFC-A158-04E189E9CD83}.Debug|iPhoneSimulator.Build.0 = Debug|Any CPU
		{C3B97ED7-ECC4-4CFC-A158-04E189E9CD83}.Debug|iPhoneSimulator.Deploy.0 = Debug|Any CPU
		{C3B97ED7-ECC4-4CFC-A158-04E189E9CD83}.Debug|x64.ActiveCfg = Debug|Any CPU
		{C3B97ED7-ECC4-4CFC-A158-04E189E9CD83}.Debug|x64.Build.0 = Debug|Any CPU
		{C3B97ED7-ECC4-4CFC-A158-04E189E9CD83}.Debug|x64.Deploy.0 = Debug|Any CPU
		{C3B97ED7-ECC4-4CFC-A158-04E189E9CD83}.Debug|x86.ActiveCfg = Debug|Any CPU
		{C3B97ED7-ECC4-4CFC-A158-04E189E9CD83}.Debug|x86.Build.0 = Debug|Any CPU
		{C3B97ED7-ECC4-4CFC-A158-04E189E9CD83}.Debug|x86.Deploy.0 = Debug|Any CPU
		{C3B97ED7-ECC4-4CFC-A158-04E189E9CD83}.Release|Any CPU.ActiveCfg = Release|Any CPU
		{C3B97ED7-ECC4-4CFC-A158-04E189E9CD83}.Release|Any CPU.Build.0 = Release|Any CPU
		{C3B97ED7-ECC4-4CFC-A158-04E189E9CD83}.Release|Any CPU.Deploy.0 = Release|Any CPU
		{C3B97ED7-ECC4-4CFC-A158-04E189E9CD83}.Release|ARM.ActiveCfg = Release|Any CPU
		{C3B97ED7-ECC4-4CFC-A158-04E189E9CD83}.Release|ARM.Build.0 = Release|Any CPU
		{C3B97ED7-ECC4-4CFC-A158-04E189E9CD83}.Release|ARM.Deploy.0 = Release|Any CPU
		{C3B97ED7-ECC4-4CFC-A158-04E189E9CD83}.Release|iPhone.ActiveCfg = Release|Any CPU
		{C3B97ED7-ECC4-4CFC-A158-04E189E9CD83}.Release|iPhone.Build.0 = Release|Any CPU
		{C3B97ED7-ECC4-4CFC-A158-04E189E9CD83}.Release|iPhone.Deploy.0 = Release|Any CPU
		{C3B97ED7-ECC4-4CFC-A158-04E189E9CD83}.Release|iPhoneSimulator.ActiveCfg = Release|Any CPU
		{C3B97ED7-ECC4-4CFC-A158-04E189E9CD83}.Release|iPhoneSimulator.Build.0 = Release|Any CPU
		{C3B97ED7-ECC4-4CFC-A158-04E189E9CD83}.Release|iPhoneSimulator.Deploy.0 = Release|Any CPU
		{C3B97ED7-ECC4-4CFC-A158-04E189E9CD83}.Release|x64.ActiveCfg = Release|Any CPU
		{C3B97ED7-ECC4-4CFC-A158-04E189E9CD83}.Release|x64.Build.0 = Release|Any CPU
		{C3B97ED7-ECC4-4CFC-A158-04E189E9CD83}.Release|x64.Deploy.0 = Release|Any CPU
		{C3B97ED7-ECC4-4CFC-A158-04E189E9CD83}.Release|x86.ActiveCfg = Release|Any CPU
		{C3B97ED7-ECC4-4CFC-A158-04E189E9CD83}.Release|x86.Build.0 = Release|Any CPU
		{C3B97ED7-ECC4-4CFC-A158-04E189E9CD83}.Release|x86.Deploy.0 = Release|Any CPU
		{D5E94DB9-3E3F-4543-8EA0-01CF6EAAF331}.Ad-Hoc|Any CPU.ActiveCfg = Ad-Hoc|iPhone
		{D5E94DB9-3E3F-4543-8EA0-01CF6EAAF331}.Ad-Hoc|ARM.ActiveCfg = Ad-Hoc|iPhone
		{D5E94DB9-3E3F-4543-8EA0-01CF6EAAF331}.Ad-Hoc|iPhone.ActiveCfg = Ad-Hoc|iPhone
		{D5E94DB9-3E3F-4543-8EA0-01CF6EAAF331}.Ad-Hoc|iPhone.Build.0 = Ad-Hoc|iPhone
		{D5E94DB9-3E3F-4543-8EA0-01CF6EAAF331}.Ad-Hoc|iPhoneSimulator.ActiveCfg = Ad-Hoc|iPhoneSimulator
		{D5E94DB9-3E3F-4543-8EA0-01CF6EAAF331}.Ad-Hoc|iPhoneSimulator.Build.0 = Ad-Hoc|iPhoneSimulator
		{D5E94DB9-3E3F-4543-8EA0-01CF6EAAF331}.Ad-Hoc|x64.ActiveCfg = Ad-Hoc|iPhone
		{D5E94DB9-3E3F-4543-8EA0-01CF6EAAF331}.Ad-Hoc|x86.ActiveCfg = Ad-Hoc|iPhone
		{D5E94DB9-3E3F-4543-8EA0-01CF6EAAF331}.AppStore|Any CPU.ActiveCfg = AppStore|iPhone
		{D5E94DB9-3E3F-4543-8EA0-01CF6EAAF331}.AppStore|ARM.ActiveCfg = AppStore|iPhone
		{D5E94DB9-3E3F-4543-8EA0-01CF6EAAF331}.AppStore|iPhone.ActiveCfg = AppStore|iPhone
		{D5E94DB9-3E3F-4543-8EA0-01CF6EAAF331}.AppStore|iPhone.Build.0 = AppStore|iPhone
		{D5E94DB9-3E3F-4543-8EA0-01CF6EAAF331}.AppStore|iPhoneSimulator.ActiveCfg = AppStore|iPhoneSimulator
		{D5E94DB9-3E3F-4543-8EA0-01CF6EAAF331}.AppStore|iPhoneSimulator.Build.0 = AppStore|iPhoneSimulator
		{D5E94DB9-3E3F-4543-8EA0-01CF6EAAF331}.AppStore|x64.ActiveCfg = AppStore|iPhone
		{D5E94DB9-3E3F-4543-8EA0-01CF6EAAF331}.AppStore|x86.ActiveCfg = AppStore|iPhone
		{D5E94DB9-3E3F-4543-8EA0-01CF6EAAF331}.Debug|Any CPU.ActiveCfg = Debug|iPhone
		{D5E94DB9-3E3F-4543-8EA0-01CF6EAAF331}.Debug|ARM.ActiveCfg = Debug|iPhone
		{D5E94DB9-3E3F-4543-8EA0-01CF6EAAF331}.Debug|iPhone.ActiveCfg = Debug|iPhone
		{D5E94DB9-3E3F-4543-8EA0-01CF6EAAF331}.Debug|iPhone.Build.0 = Debug|iPhone
		{D5E94DB9-3E3F-4543-8EA0-01CF6EAAF331}.Debug|iPhoneSimulator.ActiveCfg = Debug|iPhoneSimulator
		{D5E94DB9-3E3F-4543-8EA0-01CF6EAAF331}.Debug|iPhoneSimulator.Build.0 = Debug|iPhoneSimulator
		{D5E94DB9-3E3F-4543-8EA0-01CF6EAAF331}.Debug|x64.ActiveCfg = Debug|iPhone
		{D5E94DB9-3E3F-4543-8EA0-01CF6EAAF331}.Debug|x86.ActiveCfg = Debug|iPhone
		{D5E94DB9-3E3F-4543-8EA0-01CF6EAAF331}.Release|Any CPU.ActiveCfg = Release|iPhone
		{D5E94DB9-3E3F-4543-8EA0-01CF6EAAF331}.Release|ARM.ActiveCfg = Release|iPhone
		{D5E94DB9-3E3F-4543-8EA0-01CF6EAAF331}.Release|iPhone.ActiveCfg = Release|iPhone
		{D5E94DB9-3E3F-4543-8EA0-01CF6EAAF331}.Release|iPhone.Build.0 = Release|iPhone
		{D5E94DB9-3E3F-4543-8EA0-01CF6EAAF331}.Release|iPhoneSimulator.ActiveCfg = Release|iPhoneSimulator
		{D5E94DB9-3E3F-4543-8EA0-01CF6EAAF331}.Release|iPhoneSimulator.Build.0 = Release|iPhoneSimulator
		{D5E94DB9-3E3F-4543-8EA0-01CF6EAAF331}.Release|x64.ActiveCfg = Release|iPhone
		{D5E94DB9-3E3F-4543-8EA0-01CF6EAAF331}.Release|x86.ActiveCfg = Release|iPhone
		{8FA3F28D-B9EE-4B1C-A6F2-73D9DF76A683}.Ad-Hoc|Any CPU.ActiveCfg = Release|x86
		{8FA3F28D-B9EE-4B1C-A6F2-73D9DF76A683}.Ad-Hoc|Any CPU.Build.0 = Release|x86
		{8FA3F28D-B9EE-4B1C-A6F2-73D9DF76A683}.Ad-Hoc|Any CPU.Deploy.0 = Release|x86
		{8FA3F28D-B9EE-4B1C-A6F2-73D9DF76A683}.Ad-Hoc|ARM.ActiveCfg = Release|ARM
		{8FA3F28D-B9EE-4B1C-A6F2-73D9DF76A683}.Ad-Hoc|ARM.Build.0 = Release|ARM
		{8FA3F28D-B9EE-4B1C-A6F2-73D9DF76A683}.Ad-Hoc|ARM.Deploy.0 = Release|ARM
		{8FA3F28D-B9EE-4B1C-A6F2-73D9DF76A683}.Ad-Hoc|iPhone.ActiveCfg = Release|x86
		{8FA3F28D-B9EE-4B1C-A6F2-73D9DF76A683}.Ad-Hoc|iPhone.Build.0 = Release|x86
		{8FA3F28D-B9EE-4B1C-A6F2-73D9DF76A683}.Ad-Hoc|iPhone.Deploy.0 = Release|x86
		{8FA3F28D-B9EE-4B1C-A6F2-73D9DF76A683}.Ad-Hoc|iPhoneSimulator.ActiveCfg = Release|x86
		{8FA3F28D-B9EE-4B1C-A6F2-73D9DF76A683}.Ad-Hoc|iPhoneSimulator.Build.0 = Release|x86
		{8FA3F28D-B9EE-4B1C-A6F2-73D9DF76A683}.Ad-Hoc|iPhoneSimulator.Deploy.0 = Release|x86
		{8FA3F28D-B9EE-4B1C-A6F2-73D9DF76A683}.Ad-Hoc|x64.ActiveCfg = Release|x64
		{8FA3F28D-B9EE-4B1C-A6F2-73D9DF76A683}.Ad-Hoc|x64.Build.0 = Release|x64
		{8FA3F28D-B9EE-4B1C-A6F2-73D9DF76A683}.Ad-Hoc|x64.Deploy.0 = Release|x64
		{8FA3F28D-B9EE-4B1C-A6F2-73D9DF76A683}.Ad-Hoc|x86.ActiveCfg = Release|x86
		{8FA3F28D-B9EE-4B1C-A6F2-73D9DF76A683}.Ad-Hoc|x86.Build.0 = Release|x86
		{8FA3F28D-B9EE-4B1C-A6F2-73D9DF76A683}.Ad-Hoc|x86.Deploy.0 = Release|x86
		{8FA3F28D-B9EE-4B1C-A6F2-73D9DF76A683}.AppStore|Any CPU.ActiveCfg = Release|x86
		{8FA3F28D-B9EE-4B1C-A6F2-73D9DF76A683}.AppStore|Any CPU.Build.0 = Release|x86
		{8FA3F28D-B9EE-4B1C-A6F2-73D9DF76A683}.AppStore|Any CPU.Deploy.0 = Release|x86
		{8FA3F28D-B9EE-4B1C-A6F2-73D9DF76A683}.AppStore|ARM.ActiveCfg = Release|ARM
		{8FA3F28D-B9EE-4B1C-A6F2-73D9DF76A683}.AppStore|ARM.Build.0 = Release|ARM
		{8FA3F28D-B9EE-4B1C-A6F2-73D9DF76A683}.AppStore|ARM.Deploy.0 = Release|ARM
		{8FA3F28D-B9EE-4B1C-A6F2-73D9DF76A683}.AppStore|iPhone.ActiveCfg = Release|x86
		{8FA3F28D-B9EE-4B1C-A6F2-73D9DF76A683}.AppStore|iPhone.Build.0 = Release|x86
		{8FA3F28D-B9EE-4B1C-A6F2-73D9DF76A683}.AppStore|iPhone.Deploy.0 = Release|x86
		{8FA3F28D-B9EE-4B1C-A6F2-73D9DF76A683}.AppStore|iPhoneSimulator.ActiveCfg = Release|x86
		{8FA3F28D-B9EE-4B1C-A6F2-73D9DF76A683}.AppStore|iPhoneSimulator.Build.0 = Release|x86
		{8FA3F28D-B9EE-4B1C-A6F2-73D9DF76A683}.AppStore|iPhoneSimulator.Deploy.0 = Release|x86
		{8FA3F28D-B9EE-4B1C-A6F2-73D9DF76A683}.AppStore|x64.ActiveCfg = Release|x64
		{8FA3F28D-B9EE-4B1C-A6F2-73D9DF76A683}.AppStore|x64.Build.0 = Release|x64
		{8FA3F28D-B9EE-4B1C-A6F2-73D9DF76A683}.AppStore|x64.Deploy.0 = Release|x64
		{8FA3F28D-B9EE-4B1C-A6F2-73D9DF76A683}.AppStore|x86.ActiveCfg = Release|x86
		{8FA3F28D-B9EE-4B1C-A6F2-73D9DF76A683}.AppStore|x86.Build.0 = Release|x86
		{8FA3F28D-B9EE-4B1C-A6F2-73D9DF76A683}.AppStore|x86.Deploy.0 = Release|x86
		{8FA3F28D-B9EE-4B1C-A6F2-73D9DF76A683}.Debug|Any CPU.ActiveCfg = Debug|x86
		{8FA3F28D-B9EE-4B1C-A6F2-73D9DF76A683}.Debug|ARM.ActiveCfg = Debug|ARM
		{8FA3F28D-B9EE-4B1C-A6F2-73D9DF76A683}.Debug|ARM.Build.0 = Debug|ARM
		{8FA3F28D-B9EE-4B1C-A6F2-73D9DF76A683}.Debug|ARM.Deploy.0 = Debug|ARM
		{8FA3F28D-B9EE-4B1C-A6F2-73D9DF76A683}.Debug|iPhone.ActiveCfg = Debug|x86
		{8FA3F28D-B9EE-4B1C-A6F2-73D9DF76A683}.Debug|iPhoneSimulator.ActiveCfg = Debug|x86
		{8FA3F28D-B9EE-4B1C-A6F2-73D9DF76A683}.Debug|x64.ActiveCfg = Debug|x64
		{8FA3F28D-B9EE-4B1C-A6F2-73D9DF76A683}.Debug|x64.Build.0 = Debug|x64
		{8FA3F28D-B9EE-4B1C-A6F2-73D9DF76A683}.Debug|x64.Deploy.0 = Debug|x64
		{8FA3F28D-B9EE-4B1C-A6F2-73D9DF76A683}.Debug|x86.ActiveCfg = Debug|x86
		{8FA3F28D-B9EE-4B1C-A6F2-73D9DF76A683}.Debug|x86.Build.0 = Debug|x86
		{8FA3F28D-B9EE-4B1C-A6F2-73D9DF76A683}.Debug|x86.Deploy.0 = Debug|x86
		{8FA3F28D-B9EE-4B1C-A6F2-73D9DF76A683}.Release|Any CPU.ActiveCfg = Release|x86
		{8FA3F28D-B9EE-4B1C-A6F2-73D9DF76A683}.Release|ARM.ActiveCfg = Release|ARM
		{8FA3F28D-B9EE-4B1C-A6F2-73D9DF76A683}.Release|ARM.Build.0 = Release|ARM
		{8FA3F28D-B9EE-4B1C-A6F2-73D9DF76A683}.Release|ARM.Deploy.0 = Release|ARM
		{8FA3F28D-B9EE-4B1C-A6F2-73D9DF76A683}.Release|iPhone.ActiveCfg = Release|x86
		{8FA3F28D-B9EE-4B1C-A6F2-73D9DF76A683}.Release|iPhoneSimulator.ActiveCfg = Release|x86
		{8FA3F28D-B9EE-4B1C-A6F2-73D9DF76A683}.Release|x64.ActiveCfg = Release|x64
		{8FA3F28D-B9EE-4B1C-A6F2-73D9DF76A683}.Release|x64.Build.0 = Release|x64
		{8FA3F28D-B9EE-4B1C-A6F2-73D9DF76A683}.Release|x64.Deploy.0 = Release|x64
		{8FA3F28D-B9EE-4B1C-A6F2-73D9DF76A683}.Release|x86.ActiveCfg = Release|x86
		{8FA3F28D-B9EE-4B1C-A6F2-73D9DF76A683}.Release|x86.Build.0 = Release|x86
		{8FA3F28D-B9EE-4B1C-A6F2-73D9DF76A683}.Release|x86.Deploy.0 = Release|x86
	EndGlobalSection
	GlobalSection(SolutionProperties) = preSolution
		HideSolutionNode = FALSE
	EndGlobalSection
	GlobalSection(ExtensibilityGlobals) = postSolution
		SolutionGuid = {092A077E-BBB8-47C9-A729-1C0735FB3FBE}
	EndGlobalSection
EndGlobal
