
Microsoft Visual Studio Solution File, Format Version 12.00
# Visual Studio 2012
Project("{D954291E-2A0B-460D-934E-DC6B0785DB48}") = "AwesomeProject", "AwesomeProject\AwesomeProject.shproj", "{2093FDA0-B185-4EB4-8666-88C79FAB67DF}"
EndProject
Project("{FAE04EC0-301F-11D3-BF4B-00C04F79EFBC}") = "AwesomeProject.iOS", "iOS\AwesomeProject.iOS.csproj", "{43627307-C28C-4245-9EB3-D1A8E0F05152}"
EndProject
Project("{FAE04EC0-301F-11D3-BF4B-00C04F79EFBC}") = "AwesomeProject.Droid", "Droid\AwesomeProject.Droid.csproj", "{51D1A41E-5D9D-4056-AAE6-B3972B7373FB}"
EndProject
Project("{FAE04EC0-301F-11D3-BF4B-00C04F79EFBC}") = "AwesomeProject.MobileAppService", "MobileAppService\AwesomeProject.MobileAppService.csproj", "{126929A8-95E4-420F-926F-E42474DFB9CB}"
EndProject
Global
	GlobalSection(SolutionConfigurationPlatforms) = preSolution
		Debug|iPhoneSimulator = Debug|iPhoneSimulator
		Release|iPhone = Release|iPhone
		Release|iPhoneSimulator = Release|iPhoneSimulator
		Debug|iPhone = Debug|iPhone
		Debug|Any CPU = Debug|Any CPU
		Release|Any CPU = Release|Any CPU
	EndGlobalSection
	GlobalSection(ProjectConfigurationPlatforms) = postSolution
		{43627307-C28C-4245-9EB3-D1A8E0F05152}.Debug|iPhoneSimulator.ActiveCfg = Debug|iPhoneSimulator
		{43627307-C28C-4245-9EB3-D1A8E0F05152}.Debug|iPhoneSimulator.Build.0 = Debug|iPhoneSimulator
		{43627307-C28C-4245-9EB3-D1A8E0F05152}.Release|iPhone.ActiveCfg = Release|iPhone
		{43627307-C28C-4245-9EB3-D1A8E0F05152}.Release|iPhone.Build.0 = Release|iPhone
		{43627307-C28C-4245-9EB3-D1A8E0F05152}.Release|iPhoneSimulator.ActiveCfg = Release|iPhoneSimulator
		{43627307-C28C-4245-9EB3-D1A8E0F05152}.Release|iPhoneSimulator.Build.0 = Release|iPhoneSimulator
		{43627307-C28C-4245-9EB3-D1A8E0F05152}.Debug|iPhone.ActiveCfg = Debug|iPhone
		{43627307-C28C-4245-9EB3-D1A8E0F05152}.Debug|iPhone.Build.0 = Debug|iPhone
		{43627307-C28C-4245-9EB3-D1A8E0F05152}.Debug|Any CPU.ActiveCfg = Debug|iPhoneSimulator
		{43627307-C28C-4245-9EB3-D1A8E0F05152}.Debug|Any CPU.Build.0 = Debug|iPhoneSimulator
		{43627307-C28C-4245-9EB3-D1A8E0F05152}.Release|Any CPU.ActiveCfg = Release|iPhone
		{43627307-C28C-4245-9EB3-D1A8E0F05152}.Release|Any CPU.Build.0 = Release|iPhone
		{51D1A41E-5D9D-4056-AAE6-B3972B7373FB}.Debug|iPhoneSimulator.ActiveCfg = Debug|Any CPU
		{51D1A41E-5D9D-4056-AAE6-B3972B7373FB}.Debug|iPhoneSimulator.Build.0 = Debug|Any CPU
		{51D1A41E-5D9D-4056-AAE6-B3972B7373FB}.Release|iPhone.ActiveCfg = Release|Any CPU
		{51D1A41E-5D9D-4056-AAE6-B3972B7373FB}.Release|iPhone.Build.0 = Release|Any CPU
		{51D1A41E-5D9D-4056-AAE6-B3972B7373FB}.Release|iPhoneSimulator.ActiveCfg = Release|Any CPU
		{51D1A41E-5D9D-4056-AAE6-B3972B7373FB}.Release|iPhoneSimulator.Build.0 = Release|Any CPU
		{51D1A41E-5D9D-4056-AAE6-B3972B7373FB}.Debug|iPhone.ActiveCfg = Debug|Any CPU
		{51D1A41E-5D9D-4056-AAE6-B3972B7373FB}.Debug|iPhone.Build.0 = Debug|Any CPU
		{51D1A41E-5D9D-4056-AAE6-B3972B7373FB}.Debug|Any CPU.ActiveCfg = Debug|Any CPU
		{51D1A41E-5D9D-4056-AAE6-B3972B7373FB}.Debug|Any CPU.Build.0 = Debug|Any CPU
		{51D1A41E-5D9D-4056-AAE6-B3972B7373FB}.Release|Any CPU.ActiveCfg = Release|Any CPU
		{51D1A41E-5D9D-4056-AAE6-B3972B7373FB}.Release|Any CPU.Build.0 = Release|Any CPU
		{126929A8-95E4-420F-926F-E42474DFB9CB}.Debug|iPhoneSimulator.ActiveCfg = Debug|Any CPU
		{126929A8-95E4-420F-926F-E42474DFB9CB}.Debug|iPhoneSimulator.Build.0 = Debug|Any CPU
		{126929A8-95E4-420F-926F-E42474DFB9CB}.Release|iPhone.ActiveCfg = Release|Any CPU
		{126929A8-95E4-420F-926F-E42474DFB9CB}.Release|iPhone.Build.0 = Release|Any CPU
		{126929A8-95E4-420F-926F-E42474DFB9CB}.Release|iPhoneSimulator.ActiveCfg = Release|Any CPU
		{126929A8-95E4-420F-926F-E42474DFB9CB}.Release|iPhoneSimulator.Build.0 = Release|Any CPU
		{126929A8-95E4-420F-926F-E42474DFB9CB}.Debug|iPhone.ActiveCfg = Debug|Any CPU
		{126929A8-95E4-420F-926F-E42474DFB9CB}.Debug|iPhone.Build.0 = Debug|Any CPU
		{126929A8-95E4-420F-926F-E42474DFB9CB}.Debug|Any CPU.ActiveCfg = Debug|Any CPU
		{126929A8-95E4-420F-926F-E42474DFB9CB}.Debug|Any CPU.Build.0 = Debug|Any CPU
		{126929A8-95E4-420F-926F-E42474DFB9CB}.Release|Any CPU.ActiveCfg = Release|Any CPU
		{126929A8-95E4-420F-926F-E42474DFB9CB}.Release|Any CPU.Build.0 = Release|Any CPU
	EndGlobalSection
EndGlobal
